// !$*UTF8*$!
{
	archiveVersion = 1;
	classes = {
	};
	objectVersion = 51;
	objects = {

/* Begin PBXBuildFile section */
		3FBC974E5F3408AAB04C8579 /* Pods_MovieApp_Xcode102.framework in Frameworks */ = {isa = PBXBuildFile; fileRef = 8F977CC1CFC8200C0D3A7695 /* Pods_MovieApp_Xcode102.framework */; };
		803BD4E5240A598C00F0D3CF /* BaseApiRequestProtocol.swift in Sources */ = {isa = PBXBuildFile; fileRef = 803BD4E4240A598C00F0D3CF /* BaseApiRequestProtocol.swift */; };
		803BD4E8240A5A1B00F0D3CF /* MoviesApiRequestProtocol.swift in Sources */ = {isa = PBXBuildFile; fileRef = 803BD4E7240A5A1B00F0D3CF /* MoviesApiRequestProtocol.swift */; };
		803BD4EB240A851100F0D3CF /* FetchUpcomingMoviesRequest.swift in Sources */ = {isa = PBXBuildFile; fileRef = 803BD4EA240A851100F0D3CF /* FetchUpcomingMoviesRequest.swift */; };
		803BD4EE240A863200F0D3CF /* ApiResponse.swift in Sources */ = {isa = PBXBuildFile; fileRef = 803BD4ED240A863200F0D3CF /* ApiResponse.swift */; };
		803BD4F0240A86D100F0D3CF /* MoviesResponseModel.swift in Sources */ = {isa = PBXBuildFile; fileRef = 803BD4EF240A86D100F0D3CF /* MoviesResponseModel.swift */; };
		803BD4F3240A874800F0D3CF /* MovieModel.swift in Sources */ = {isa = PBXBuildFile; fileRef = 803BD4F2240A874800F0D3CF /* MovieModel.swift */; };
		803BD4F6240A882500F0D3CF /* ViewBindableProtocol.swift in Sources */ = {isa = PBXBuildFile; fileRef = 803BD4F5240A882500F0D3CF /* ViewBindableProtocol.swift */; };
		803BD4F9240A889F00F0D3CF /* DateFormatter+Additions.swift in Sources */ = {isa = PBXBuildFile; fileRef = 803BD4F8240A889F00F0D3CF /* DateFormatter+Additions.swift */; };
		803BD4FB240A896900F0D3CF /* Codable+Additions.swift in Sources */ = {isa = PBXBuildFile; fileRef = 803BD4FA240A896900F0D3CF /* Codable+Additions.swift */; };
		803BD4FE240A8B4A00F0D3CF /* DateTransformers.swift in Sources */ = {isa = PBXBuildFile; fileRef = 803BD4FD240A8B4A00F0D3CF /* DateTransformers.swift */; };
		803BD501240A8BD600F0D3CF /* PaginationSection.swift in Sources */ = {isa = PBXBuildFile; fileRef = 803BD500240A8BD600F0D3CF /* PaginationSection.swift */; };
		803BD504240A8D5D00F0D3CF /* CollectionChange.swift in Sources */ = {isa = PBXBuildFile; fileRef = 803BD503240A8D5D00F0D3CF /* CollectionChange.swift */; };
		803BD506240A8E0100F0D3CF /* PageInfo.swift in Sources */ = {isa = PBXBuildFile; fileRef = 803BD505240A8E0100F0D3CF /* PageInfo.swift */; };
		803BD50F240ADDBD00F0D3CF /* BaseNavigationController.swift in Sources */ = {isa = PBXBuildFile; fileRef = 803BD50E240ADDBD00F0D3CF /* BaseNavigationController.swift */; };
		80A3B3132409620700C2FCDD /* AppDelegate.swift in Sources */ = {isa = PBXBuildFile; fileRef = 80A3B3122409620700C2FCDD /* AppDelegate.swift */; };
		80A3B31A2409620900C2FCDD /* Assets.xcassets in Resources */ = {isa = PBXBuildFile; fileRef = 80A3B3192409620900C2FCDD /* Assets.xcassets */; };
		80A3B31D2409620900C2FCDD /* LaunchScreen.storyboard in Resources */ = {isa = PBXBuildFile; fileRef = 80A3B31B2409620900C2FCDD /* LaunchScreen.storyboard */; };
		80A3B3282409620900C2FCDD /* MovieApp_Xcode102Tests.swift in Sources */ = {isa = PBXBuildFile; fileRef = 80A3B3272409620900C2FCDD /* MovieApp_Xcode102Tests.swift */; };
		80A3B335240A480200C2FCDD /* ApiRequestManager.swift in Sources */ = {isa = PBXBuildFile; fileRef = 80A3B334240A480200C2FCDD /* ApiRequestManager.swift */; };
		80C4B54D2412BB01007124AE /* FetchMovieSynopsis.swift in Sources */ = {isa = PBXBuildFile; fileRef = 80C4B54C2412BB01007124AE /* FetchMovieSynopsis.swift */; };
		80C4B5502412BC46007124AE /* MovieDetailViewController.swift in Sources */ = {isa = PBXBuildFile; fileRef = 80C4B54F2412BC46007124AE /* MovieDetailViewController.swift */; };
		80C4B553241346FD007124AE /* Coordinator.swift in Sources */ = {isa = PBXBuildFile; fileRef = 80C4B552241346FD007124AE /* Coordinator.swift */; };
		80C4B55624134961007124AE /* BaseCoordinator.swift in Sources */ = {isa = PBXBuildFile; fileRef = 80C4B55524134961007124AE /* BaseCoordinator.swift */; };
		80C4B55824134E95007124AE /* MovieDetail.storyboard in Resources */ = {isa = PBXBuildFile; fileRef = 80C4B55724134E95007124AE /* MovieDetail.storyboard */; };
		80C4B55B241382AD007124AE /* ApplicationCoordinator.swift in Sources */ = {isa = PBXBuildFile; fileRef = 80C4B55A241382AD007124AE /* ApplicationCoordinator.swift */; };
		80C4B55D2413857F007124AE /* SplashViewController.swift in Sources */ = {isa = PBXBuildFile; fileRef = 80C4B55C2413857F007124AE /* SplashViewController.swift */; };
		80C4B55F24138591007124AE /* Splash.storyboard in Resources */ = {isa = PBXBuildFile; fileRef = 80C4B55E24138591007124AE /* Splash.storyboard */; };
		80C4B561241387E1007124AE /* Router.swift in Sources */ = {isa = PBXBuildFile; fileRef = 80C4B560241387E1007124AE /* Router.swift */; };
		80C4B563241396FC007124AE /* DeeplinkManager.swift in Sources */ = {isa = PBXBuildFile; fileRef = 80C4B562241396FC007124AE /* DeeplinkManager.swift */; };
		80C4B5652413A288007124AE /* Presentable.swift in Sources */ = {isa = PBXBuildFile; fileRef = 80C4B5642413A288007124AE /* Presentable.swift */; };
		80C4B56724149E62007124AE /* RouterImplementation.swift in Sources */ = {isa = PBXBuildFile; fileRef = 80C4B56624149E62007124AE /* RouterImplementation.swift */; };
		80C4B56A2414A6B6007124AE /* CoordinatorFactoryProtocol.swift in Sources */ = {isa = PBXBuildFile; fileRef = 80C4B5692414A6B6007124AE /* CoordinatorFactoryProtocol.swift */; };
		80C4B56E2414A805007124AE /* NowPlayingCoordinatorOutput.swift in Sources */ = {isa = PBXBuildFile; fileRef = 80C4B56D2414A805007124AE /* NowPlayingCoordinatorOutput.swift */; };
		80C4B5702414AB4A007124AE /* SplashCoordinatorOutput.swift in Sources */ = {isa = PBXBuildFile; fileRef = 80C4B56F2414AB4A007124AE /* SplashCoordinatorOutput.swift */; };
		80C4B5722414AB7E007124AE /* MovieDetailCoordintorOutput.swift in Sources */ = {isa = PBXBuildFile; fileRef = 80C4B5712414AB7E007124AE /* MovieDetailCoordintorOutput.swift */; };
		80C4B5752414AE2A007124AE /* CoordinatorFactoryImplem.swift in Sources */ = {isa = PBXBuildFile; fileRef = 80C4B5742414AE2A007124AE /* CoordinatorFactoryImplem.swift */; };
		80C4B5772414AEDD007124AE /* SplashCoordinator.swift in Sources */ = {isa = PBXBuildFile; fileRef = 80C4B5762414AEDD007124AE /* SplashCoordinator.swift */; };
		80C4B5792414B037007124AE /* SplashModuleFactory.swift in Sources */ = {isa = PBXBuildFile; fileRef = 80C4B5782414B037007124AE /* SplashModuleFactory.swift */; };
		80C4B57B2414B825007124AE /* ModuleFactoryImplem.swift in Sources */ = {isa = PBXBuildFile; fileRef = 80C4B57A2414B825007124AE /* ModuleFactoryImplem.swift */; };
		80C4B57D2414B87C007124AE /* NowPlayingModuleFactory.swift in Sources */ = {isa = PBXBuildFile; fileRef = 80C4B57C2414B87C007124AE /* NowPlayingModuleFactory.swift */; };
		80C4B57F2414BC8F007124AE /* NowPlayingCoordiator.swift in Sources */ = {isa = PBXBuildFile; fileRef = 80C4B57E2414BC8F007124AE /* NowPlayingCoordiator.swift */; };
		80C4B5812414BFB3007124AE /* MovieDetailCoordinator.swift in Sources */ = {isa = PBXBuildFile; fileRef = 80C4B5802414BFB3007124AE /* MovieDetailCoordinator.swift */; };
		80C4B5832414C054007124AE /* MovieDetailModuleFactory.swift in Sources */ = {isa = PBXBuildFile; fileRef = 80C4B5822414C054007124AE /* MovieDetailModuleFactory.swift */; };
		80C4B5852414D27D007124AE /* UIViewController+Extensions.swift in Sources */ = {isa = PBXBuildFile; fileRef = 80C4B5842414D27D007124AE /* UIViewController+Extensions.swift */; };
		80C4B5882414D38F007124AE /* NibLoadableProtocol.swift in Sources */ = {isa = PBXBuildFile; fileRef = 80C4B5862414D38F007124AE /* NibLoadableProtocol.swift */; };
		80C4B5892414D38F007124AE /* InstantiableProtocol.swift in Sources */ = {isa = PBXBuildFile; fileRef = 80C4B5872414D38F007124AE /* InstantiableProtocol.swift */; };
		80C4B58B2414F009007124AE /* MovieListActions.swift in Sources */ = {isa = PBXBuildFile; fileRef = 80C4B58A2414F009007124AE /* MovieListActions.swift */; };
		80C4B58D2414FBE0007124AE /* FetchMovieReviews.swift in Sources */ = {isa = PBXBuildFile; fileRef = 80C4B58C2414FBE0007124AE /* FetchMovieReviews.swift */; };
		80C4B58F2414FC45007124AE /* FetchMovieCredits.swift in Sources */ = {isa = PBXBuildFile; fileRef = 80C4B58E2414FC45007124AE /* FetchMovieCredits.swift */; };
		80C4B5912414FDEB007124AE /* FetchSimilarMovies.swift in Sources */ = {isa = PBXBuildFile; fileRef = 80C4B5902414FDEB007124AE /* FetchSimilarMovies.swift */; };
		80C4B5932414FE43007124AE /* MovieDetailViewModel.swift in Sources */ = {isa = PBXBuildFile; fileRef = 80C4B5922414FE43007124AE /* MovieDetailViewModel.swift */; };
		80C4B595241506A2007124AE /* UIView+Extensions.swift in Sources */ = {isa = PBXBuildFile; fileRef = 80C4B594241506A2007124AE /* UIView+Extensions.swift */; };
		80C4B597241508D1007124AE /* MovieDetailProtocol.swift in Sources */ = {isa = PBXBuildFile; fileRef = 80C4B596241508D1007124AE /* MovieDetailProtocol.swift */; };
		80C4B59924152F29007124AE /* MovieSynopsisModel.swift in Sources */ = {isa = PBXBuildFile; fileRef = 80C4B59824152F29007124AE /* MovieSynopsisModel.swift */; };
		80C4B59B24152FD0007124AE /* MovieCreditsModel.swift in Sources */ = {isa = PBXBuildFile; fileRef = 80C4B59A24152FD0007124AE /* MovieCreditsModel.swift */; };
		80C4B59D241530D2007124AE /* MovieReviewsResponse.swift in Sources */ = {isa = PBXBuildFile; fileRef = 80C4B59C241530D2007124AE /* MovieReviewsResponse.swift */; };
		80C4B59F241530F1007124AE /* MovieReviewModel.swift in Sources */ = {isa = PBXBuildFile; fileRef = 80C4B59E241530F1007124AE /* MovieReviewModel.swift */; };
		80ECD711240B5D5200949DC6 /* Constants.swift in Sources */ = {isa = PBXBuildFile; fileRef = 80ECD710240B5D5200949DC6 /* Constants.swift */; };
		80ECD713240B5D7C00949DC6 /* Constants+Extensions.swift in Sources */ = {isa = PBXBuildFile; fileRef = 80ECD712240B5D7C00949DC6 /* Constants+Extensions.swift */; };
		80ECD716240B5E9500949DC6 /* RootViewController.swift in Sources */ = {isa = PBXBuildFile; fileRef = 80ECD715240B5E9500949DC6 /* RootViewController.swift */; };
		80ECD718240B5EA400949DC6 /* Root.storyboard in Resources */ = {isa = PBXBuildFile; fileRef = 80ECD717240B5EA400949DC6 /* Root.storyboard */; };
		80ECD71F240B6EF200949DC6 /* MovieListViewController.swift in Sources */ = {isa = PBXBuildFile; fileRef = 80ECD71E240B6EF200949DC6 /* MovieListViewController.swift */; };
		80ECD722240B71E100949DC6 /* MovieViewModel.swift in Sources */ = {isa = PBXBuildFile; fileRef = 80ECD721240B71E100949DC6 /* MovieViewModel.swift */; };
		80ECD727240B778800949DC6 /* MovieTableViewCell.swift in Sources */ = {isa = PBXBuildFile; fileRef = 80ECD725240B778800949DC6 /* MovieTableViewCell.swift */; };
		80ECD728240B778800949DC6 /* MovieTableViewCell.xib in Resources */ = {isa = PBXBuildFile; fileRef = 80ECD726240B778800949DC6 /* MovieTableViewCell.xib */; };
		80ECD72B240B783F00949DC6 /* BaseTableViewCell.swift in Sources */ = {isa = PBXBuildFile; fileRef = 80ECD72A240B783F00949DC6 /* BaseTableViewCell.swift */; };
		80ECD72E240B7F1E00949DC6 /* UIImageView+Extensions.swift in Sources */ = {isa = PBXBuildFile; fileRef = 80ECD72D240B7F1E00949DC6 /* UIImageView+Extensions.swift */; };
		80ECD732240B815700949DC6 /* LoadingTableViewCell.swift in Sources */ = {isa = PBXBuildFile; fileRef = 80ECD730240B815700949DC6 /* LoadingTableViewCell.swift */; };
		80ECD733240B815700949DC6 /* LoadingTableViewCell.xib in Resources */ = {isa = PBXBuildFile; fileRef = 80ECD731240B815700949DC6 /* LoadingTableViewCell.xib */; };
		80ECD735240B824500949DC6 /* UItableViewCell+Extensions.swift in Sources */ = {isa = PBXBuildFile; fileRef = 80ECD734240B824500949DC6 /* UItableViewCell+Extensions.swift */; };
		80ECD738240B846700949DC6 /* LoadingView.swift in Sources */ = {isa = PBXBuildFile; fileRef = 80ECD737240B846700949DC6 /* LoadingView.swift */; };
		80ECD73A240B847900949DC6 /* LoadingView.xib in Resources */ = {isa = PBXBuildFile; fileRef = 80ECD739240B847900949DC6 /* LoadingView.xib */; };
		80ECD73C240B87E100949DC6 /* UITableView+Extensions.swift in Sources */ = {isa = PBXBuildFile; fileRef = 80ECD73B240B87E100949DC6 /* UITableView+Extensions.swift */; };
		80ECD740240B954800949DC6 /* NowPlaying.storyboard in Resources */ = {isa = PBXBuildFile; fileRef = 80ECD73F240B954800949DC6 /* NowPlaying.storyboard */; };
		80ECD742240B957000949DC6 /* NowPlayingViewController.swift in Sources */ = {isa = PBXBuildFile; fileRef = 80ECD741240B957000949DC6 /* NowPlayingViewController.swift */; };
		80ECD744240B95C500949DC6 /* NowPlayingViewModel.swift in Sources */ = {isa = PBXBuildFile; fileRef = 80ECD743240B95C500949DC6 /* NowPlayingViewModel.swift */; };
		80ECD746240BD68700949DC6 /* URL+Extensions.swift in Sources */ = {isa = PBXBuildFile; fileRef = 80ECD745240BD68700949DC6 /* URL+Extensions.swift */; };
		80F10518241692F9009BC802 /* GenericUICollectionViewDataSource.swift in Sources */ = {isa = PBXBuildFile; fileRef = 80F10517241692F9009BC802 /* GenericUICollectionViewDataSource.swift */; };
		80F1051C241695E9009BC802 /* SimilarMovCollectionViewCell.swift in Sources */ = {isa = PBXBuildFile; fileRef = 80F1051A241695E9009BC802 /* SimilarMovCollectionViewCell.swift */; };
		80F1051D241695E9009BC802 /* SimilarMovCollectionViewCell.xib in Resources */ = {isa = PBXBuildFile; fileRef = 80F1051B241695E9009BC802 /* SimilarMovCollectionViewCell.xib */; };
		80F1051F2416CDD5009BC802 /* CollectionArraySource.swift in Sources */ = {isa = PBXBuildFile; fileRef = 80F1051E2416CDD5009BC802 /* CollectionArraySource.swift */; };
		80F105212416CE8D009BC802 /* MovieDetailDataSources.swift in Sources */ = {isa = PBXBuildFile; fileRef = 80F105202416CE8D009BC802 /* MovieDetailDataSources.swift */; };
		80F10524241748F8009BC802 /* CastCollectionViewCell.swift in Sources */ = {isa = PBXBuildFile; fileRef = 80F10522241748F8009BC802 /* CastCollectionViewCell.swift */; };
		80F10525241748F8009BC802 /* CastCollectionViewCell.xib in Resources */ = {isa = PBXBuildFile; fileRef = 80F10523241748F8009BC802 /* CastCollectionViewCell.xib */; };
		80F10528241758A9009BC802 /* CrewCollectionViewCell.swift in Sources */ = {isa = PBXBuildFile; fileRef = 80F10526241758A9009BC802 /* CrewCollectionViewCell.swift */; };
		80F10529241758A9009BC802 /* CrewCollectionViewCell.xib in Resources */ = {isa = PBXBuildFile; fileRef = 80F10527241758A9009BC802 /* CrewCollectionViewCell.xib */; };
		80F1052B2417B6CB009BC802 /* SynopsisView.swift in Sources */ = {isa = PBXBuildFile; fileRef = 80F1052A2417B6CB009BC802 /* SynopsisView.swift */; };
		80F1052D2417B6E2009BC802 /* SynopsisView.xib in Resources */ = {isa = PBXBuildFile; fileRef = 80F1052C2417B6E2009BC802 /* SynopsisView.xib */; };
		858DD8C830595E2024834040 /* Pods_MovieApp_Xcode102Tests.framework in Frameworks */ = {isa = PBXBuildFile; fileRef = 97DF8796DDEDE54DBF0519F5 /* Pods_MovieApp_Xcode102Tests.framework */; };
/* End PBXBuildFile section */

/* Begin PBXContainerItemProxy section */
		80A3B3242409620900C2FCDD /* PBXContainerItemProxy */ = {
			isa = PBXContainerItemProxy;
			containerPortal = 80A3B3072409620700C2FCDD /* Project object */;
			proxyType = 1;
			remoteGlobalIDString = 80A3B30E2409620700C2FCDD;
			remoteInfo = MovieApp_Xcode102;
		};
/* End PBXContainerItemProxy section */

/* Begin PBXFileReference section */
		38EDA2BA207EECEAA27A20E1 /* Pods-MovieApp_Xcode102.debug.xcconfig */ = {isa = PBXFileReference; includeInIndex = 1; lastKnownFileType = text.xcconfig; name = "Pods-MovieApp_Xcode102.debug.xcconfig"; path = "Target Support Files/Pods-MovieApp_Xcode102/Pods-MovieApp_Xcode102.debug.xcconfig"; sourceTree = "<group>"; };
		52FB87C0A267AEB5F8AE26E5 /* Pods-MovieApp_Xcode102.release.xcconfig */ = {isa = PBXFileReference; includeInIndex = 1; lastKnownFileType = text.xcconfig; name = "Pods-MovieApp_Xcode102.release.xcconfig"; path = "Target Support Files/Pods-MovieApp_Xcode102/Pods-MovieApp_Xcode102.release.xcconfig"; sourceTree = "<group>"; };
		803BD4E4240A598C00F0D3CF /* BaseApiRequestProtocol.swift */ = {isa = PBXFileReference; lastKnownFileType = sourcecode.swift; path = BaseApiRequestProtocol.swift; sourceTree = "<group>"; };
		803BD4E7240A5A1B00F0D3CF /* MoviesApiRequestProtocol.swift */ = {isa = PBXFileReference; lastKnownFileType = sourcecode.swift; path = MoviesApiRequestProtocol.swift; sourceTree = "<group>"; };
		803BD4EA240A851100F0D3CF /* FetchUpcomingMoviesRequest.swift */ = {isa = PBXFileReference; lastKnownFileType = sourcecode.swift; path = FetchUpcomingMoviesRequest.swift; sourceTree = "<group>"; };
		803BD4ED240A863200F0D3CF /* ApiResponse.swift */ = {isa = PBXFileReference; lastKnownFileType = sourcecode.swift; path = ApiResponse.swift; sourceTree = "<group>"; };
		803BD4EF240A86D100F0D3CF /* MoviesResponseModel.swift */ = {isa = PBXFileReference; lastKnownFileType = sourcecode.swift; path = MoviesResponseModel.swift; sourceTree = "<group>"; };
		803BD4F2240A874800F0D3CF /* MovieModel.swift */ = {isa = PBXFileReference; lastKnownFileType = sourcecode.swift; path = MovieModel.swift; sourceTree = "<group>"; };
		803BD4F5240A882500F0D3CF /* ViewBindableProtocol.swift */ = {isa = PBXFileReference; lastKnownFileType = sourcecode.swift; path = ViewBindableProtocol.swift; sourceTree = "<group>"; };
		803BD4F8240A889F00F0D3CF /* DateFormatter+Additions.swift */ = {isa = PBXFileReference; lastKnownFileType = sourcecode.swift; path = "DateFormatter+Additions.swift"; sourceTree = "<group>"; };
		803BD4FA240A896900F0D3CF /* Codable+Additions.swift */ = {isa = PBXFileReference; lastKnownFileType = sourcecode.swift; path = "Codable+Additions.swift"; sourceTree = "<group>"; };
		803BD4FD240A8B4A00F0D3CF /* DateTransformers.swift */ = {isa = PBXFileReference; lastKnownFileType = sourcecode.swift; path = DateTransformers.swift; sourceTree = "<group>"; };
		803BD500240A8BD600F0D3CF /* PaginationSection.swift */ = {isa = PBXFileReference; lastKnownFileType = sourcecode.swift; path = PaginationSection.swift; sourceTree = "<group>"; };
		803BD503240A8D5D00F0D3CF /* CollectionChange.swift */ = {isa = PBXFileReference; lastKnownFileType = sourcecode.swift; path = CollectionChange.swift; sourceTree = "<group>"; };
		803BD505240A8E0100F0D3CF /* PageInfo.swift */ = {isa = PBXFileReference; lastKnownFileType = sourcecode.swift; path = PageInfo.swift; sourceTree = "<group>"; };
		803BD50E240ADDBD00F0D3CF /* BaseNavigationController.swift */ = {isa = PBXFileReference; lastKnownFileType = sourcecode.swift; path = BaseNavigationController.swift; sourceTree = "<group>"; };
		80A3B30F2409620700C2FCDD /* MovieApp_Xcode102.app */ = {isa = PBXFileReference; explicitFileType = wrapper.application; includeInIndex = 0; path = MovieApp_Xcode102.app; sourceTree = BUILT_PRODUCTS_DIR; };
		80A3B3122409620700C2FCDD /* AppDelegate.swift */ = {isa = PBXFileReference; lastKnownFileType = sourcecode.swift; path = AppDelegate.swift; sourceTree = "<group>"; };
		80A3B3192409620900C2FCDD /* Assets.xcassets */ = {isa = PBXFileReference; lastKnownFileType = folder.assetcatalog; path = Assets.xcassets; sourceTree = "<group>"; };
		80A3B31C2409620900C2FCDD /* Base */ = {isa = PBXFileReference; lastKnownFileType = file.storyboard; name = Base; path = Base.lproj/LaunchScreen.storyboard; sourceTree = "<group>"; };
		80A3B31E2409620900C2FCDD /* Info.plist */ = {isa = PBXFileReference; lastKnownFileType = text.plist.xml; path = Info.plist; sourceTree = "<group>"; };
		80A3B3232409620900C2FCDD /* MovieApp_Xcode102Tests.xctest */ = {isa = PBXFileReference; explicitFileType = wrapper.cfbundle; includeInIndex = 0; path = MovieApp_Xcode102Tests.xctest; sourceTree = BUILT_PRODUCTS_DIR; };
		80A3B3272409620900C2FCDD /* MovieApp_Xcode102Tests.swift */ = {isa = PBXFileReference; lastKnownFileType = sourcecode.swift; path = MovieApp_Xcode102Tests.swift; sourceTree = "<group>"; };
		80A3B3292409620900C2FCDD /* Info.plist */ = {isa = PBXFileReference; lastKnownFileType = text.plist.xml; path = Info.plist; sourceTree = "<group>"; };
		80A3B334240A480200C2FCDD /* ApiRequestManager.swift */ = {isa = PBXFileReference; lastKnownFileType = sourcecode.swift; path = ApiRequestManager.swift; sourceTree = "<group>"; };
		80C4B54C2412BB01007124AE /* FetchMovieSynopsis.swift */ = {isa = PBXFileReference; lastKnownFileType = sourcecode.swift; path = FetchMovieSynopsis.swift; sourceTree = "<group>"; };
		80C4B54F2412BC46007124AE /* MovieDetailViewController.swift */ = {isa = PBXFileReference; lastKnownFileType = sourcecode.swift; path = MovieDetailViewController.swift; sourceTree = "<group>"; };
		80C4B552241346FD007124AE /* Coordinator.swift */ = {isa = PBXFileReference; lastKnownFileType = sourcecode.swift; path = Coordinator.swift; sourceTree = "<group>"; };
		80C4B55524134961007124AE /* BaseCoordinator.swift */ = {isa = PBXFileReference; lastKnownFileType = sourcecode.swift; path = BaseCoordinator.swift; sourceTree = "<group>"; };
		80C4B55724134E95007124AE /* MovieDetail.storyboard */ = {isa = PBXFileReference; lastKnownFileType = file.storyboard; path = MovieDetail.storyboard; sourceTree = "<group>"; };
		80C4B55A241382AD007124AE /* ApplicationCoordinator.swift */ = {isa = PBXFileReference; lastKnownFileType = sourcecode.swift; path = ApplicationCoordinator.swift; sourceTree = "<group>"; };
		80C4B55C2413857F007124AE /* SplashViewController.swift */ = {isa = PBXFileReference; lastKnownFileType = sourcecode.swift; path = SplashViewController.swift; sourceTree = "<group>"; };
		80C4B55E24138591007124AE /* Splash.storyboard */ = {isa = PBXFileReference; lastKnownFileType = file.storyboard; path = Splash.storyboard; sourceTree = "<group>"; };
		80C4B560241387E1007124AE /* Router.swift */ = {isa = PBXFileReference; lastKnownFileType = sourcecode.swift; path = Router.swift; sourceTree = "<group>"; };
		80C4B562241396FC007124AE /* DeeplinkManager.swift */ = {isa = PBXFileReference; lastKnownFileType = sourcecode.swift; path = DeeplinkManager.swift; sourceTree = "<group>"; };
		80C4B5642413A288007124AE /* Presentable.swift */ = {isa = PBXFileReference; lastKnownFileType = sourcecode.swift; path = Presentable.swift; sourceTree = "<group>"; };
		80C4B56624149E62007124AE /* RouterImplementation.swift */ = {isa = PBXFileReference; lastKnownFileType = sourcecode.swift; path = RouterImplementation.swift; sourceTree = "<group>"; };
		80C4B5692414A6B6007124AE /* CoordinatorFactoryProtocol.swift */ = {isa = PBXFileReference; lastKnownFileType = sourcecode.swift; path = CoordinatorFactoryProtocol.swift; sourceTree = "<group>"; };
		80C4B56D2414A805007124AE /* NowPlayingCoordinatorOutput.swift */ = {isa = PBXFileReference; lastKnownFileType = sourcecode.swift; path = NowPlayingCoordinatorOutput.swift; sourceTree = "<group>"; };
		80C4B56F2414AB4A007124AE /* SplashCoordinatorOutput.swift */ = {isa = PBXFileReference; lastKnownFileType = sourcecode.swift; path = SplashCoordinatorOutput.swift; sourceTree = "<group>"; };
		80C4B5712414AB7E007124AE /* MovieDetailCoordintorOutput.swift */ = {isa = PBXFileReference; lastKnownFileType = sourcecode.swift; path = MovieDetailCoordintorOutput.swift; sourceTree = "<group>"; };
		80C4B5742414AE2A007124AE /* CoordinatorFactoryImplem.swift */ = {isa = PBXFileReference; lastKnownFileType = sourcecode.swift; path = CoordinatorFactoryImplem.swift; sourceTree = "<group>"; };
		80C4B5762414AEDD007124AE /* SplashCoordinator.swift */ = {isa = PBXFileReference; lastKnownFileType = sourcecode.swift; path = SplashCoordinator.swift; sourceTree = "<group>"; };
		80C4B5782414B037007124AE /* SplashModuleFactory.swift */ = {isa = PBXFileReference; lastKnownFileType = sourcecode.swift; path = SplashModuleFactory.swift; sourceTree = "<group>"; };
		80C4B57A2414B825007124AE /* ModuleFactoryImplem.swift */ = {isa = PBXFileReference; lastKnownFileType = sourcecode.swift; path = ModuleFactoryImplem.swift; sourceTree = "<group>"; };
		80C4B57C2414B87C007124AE /* NowPlayingModuleFactory.swift */ = {isa = PBXFileReference; lastKnownFileType = sourcecode.swift; path = NowPlayingModuleFactory.swift; sourceTree = "<group>"; };
		80C4B57E2414BC8F007124AE /* NowPlayingCoordiator.swift */ = {isa = PBXFileReference; lastKnownFileType = sourcecode.swift; path = NowPlayingCoordiator.swift; sourceTree = "<group>"; };
		80C4B5802414BFB3007124AE /* MovieDetailCoordinator.swift */ = {isa = PBXFileReference; lastKnownFileType = sourcecode.swift; path = MovieDetailCoordinator.swift; sourceTree = "<group>"; };
		80C4B5822414C054007124AE /* MovieDetailModuleFactory.swift */ = {isa = PBXFileReference; lastKnownFileType = sourcecode.swift; path = MovieDetailModuleFactory.swift; sourceTree = "<group>"; };
		80C4B5842414D27D007124AE /* UIViewController+Extensions.swift */ = {isa = PBXFileReference; lastKnownFileType = sourcecode.swift; path = "UIViewController+Extensions.swift"; sourceTree = "<group>"; };
		80C4B5862414D38F007124AE /* NibLoadableProtocol.swift */ = {isa = PBXFileReference; fileEncoding = 4; lastKnownFileType = sourcecode.swift; path = NibLoadableProtocol.swift; sourceTree = "<group>"; };
		80C4B5872414D38F007124AE /* InstantiableProtocol.swift */ = {isa = PBXFileReference; fileEncoding = 4; lastKnownFileType = sourcecode.swift; path = InstantiableProtocol.swift; sourceTree = "<group>"; };
		80C4B58A2414F009007124AE /* MovieListActions.swift */ = {isa = PBXFileReference; lastKnownFileType = sourcecode.swift; path = MovieListActions.swift; sourceTree = "<group>"; };
		80C4B58C2414FBE0007124AE /* FetchMovieReviews.swift */ = {isa = PBXFileReference; lastKnownFileType = sourcecode.swift; path = FetchMovieReviews.swift; sourceTree = "<group>"; };
		80C4B58E2414FC45007124AE /* FetchMovieCredits.swift */ = {isa = PBXFileReference; lastKnownFileType = sourcecode.swift; path = FetchMovieCredits.swift; sourceTree = "<group>"; };
		80C4B5902414FDEB007124AE /* FetchSimilarMovies.swift */ = {isa = PBXFileReference; lastKnownFileType = sourcecode.swift; path = FetchSimilarMovies.swift; sourceTree = "<group>"; };
		80C4B5922414FE43007124AE /* MovieDetailViewModel.swift */ = {isa = PBXFileReference; lastKnownFileType = sourcecode.swift; path = MovieDetailViewModel.swift; sourceTree = "<group>"; };
		80C4B594241506A2007124AE /* UIView+Extensions.swift */ = {isa = PBXFileReference; lastKnownFileType = sourcecode.swift; path = "UIView+Extensions.swift"; sourceTree = "<group>"; };
		80C4B596241508D1007124AE /* MovieDetailProtocol.swift */ = {isa = PBXFileReference; lastKnownFileType = sourcecode.swift; path = MovieDetailProtocol.swift; sourceTree = "<group>"; };
		80C4B59824152F29007124AE /* MovieSynopsisModel.swift */ = {isa = PBXFileReference; lastKnownFileType = sourcecode.swift; path = MovieSynopsisModel.swift; sourceTree = "<group>"; };
		80C4B59A24152FD0007124AE /* MovieCreditsModel.swift */ = {isa = PBXFileReference; lastKnownFileType = sourcecode.swift; path = MovieCreditsModel.swift; sourceTree = "<group>"; };
		80C4B59C241530D2007124AE /* MovieReviewsResponse.swift */ = {isa = PBXFileReference; lastKnownFileType = sourcecode.swift; path = MovieReviewsResponse.swift; sourceTree = "<group>"; };
		80C4B59E241530F1007124AE /* MovieReviewModel.swift */ = {isa = PBXFileReference; lastKnownFileType = sourcecode.swift; path = MovieReviewModel.swift; sourceTree = "<group>"; };
		80ECD710240B5D5200949DC6 /* Constants.swift */ = {isa = PBXFileReference; lastKnownFileType = sourcecode.swift; path = Constants.swift; sourceTree = "<group>"; };
		80ECD712240B5D7C00949DC6 /* Constants+Extensions.swift */ = {isa = PBXFileReference; lastKnownFileType = sourcecode.swift; path = "Constants+Extensions.swift"; sourceTree = "<group>"; };
		80ECD715240B5E9500949DC6 /* RootViewController.swift */ = {isa = PBXFileReference; lastKnownFileType = sourcecode.swift; path = RootViewController.swift; sourceTree = "<group>"; };
		80ECD717240B5EA400949DC6 /* Root.storyboard */ = {isa = PBXFileReference; lastKnownFileType = file.storyboard; path = Root.storyboard; sourceTree = "<group>"; };
		80ECD71E240B6EF200949DC6 /* MovieListViewController.swift */ = {isa = PBXFileReference; lastKnownFileType = sourcecode.swift; path = MovieListViewController.swift; sourceTree = "<group>"; };
		80ECD721240B71E100949DC6 /* MovieViewModel.swift */ = {isa = PBXFileReference; lastKnownFileType = sourcecode.swift; path = MovieViewModel.swift; sourceTree = "<group>"; };
		80ECD725240B778800949DC6 /* MovieTableViewCell.swift */ = {isa = PBXFileReference; lastKnownFileType = sourcecode.swift; path = MovieTableViewCell.swift; sourceTree = "<group>"; };
		80ECD726240B778800949DC6 /* MovieTableViewCell.xib */ = {isa = PBXFileReference; lastKnownFileType = file.xib; path = MovieTableViewCell.xib; sourceTree = "<group>"; };
		80ECD72A240B783F00949DC6 /* BaseTableViewCell.swift */ = {isa = PBXFileReference; lastKnownFileType = sourcecode.swift; path = BaseTableViewCell.swift; sourceTree = "<group>"; };
		80ECD72D240B7F1E00949DC6 /* UIImageView+Extensions.swift */ = {isa = PBXFileReference; lastKnownFileType = sourcecode.swift; path = "UIImageView+Extensions.swift"; sourceTree = "<group>"; };
		80ECD730240B815700949DC6 /* LoadingTableViewCell.swift */ = {isa = PBXFileReference; lastKnownFileType = sourcecode.swift; path = LoadingTableViewCell.swift; sourceTree = "<group>"; };
		80ECD731240B815700949DC6 /* LoadingTableViewCell.xib */ = {isa = PBXFileReference; lastKnownFileType = file.xib; path = LoadingTableViewCell.xib; sourceTree = "<group>"; };
		80ECD734240B824500949DC6 /* UItableViewCell+Extensions.swift */ = {isa = PBXFileReference; lastKnownFileType = sourcecode.swift; path = "UItableViewCell+Extensions.swift"; sourceTree = "<group>"; };
		80ECD737240B846700949DC6 /* LoadingView.swift */ = {isa = PBXFileReference; lastKnownFileType = sourcecode.swift; path = LoadingView.swift; sourceTree = "<group>"; };
		80ECD739240B847900949DC6 /* LoadingView.xib */ = {isa = PBXFileReference; lastKnownFileType = file.xib; path = LoadingView.xib; sourceTree = "<group>"; };
		80ECD73B240B87E100949DC6 /* UITableView+Extensions.swift */ = {isa = PBXFileReference; lastKnownFileType = sourcecode.swift; path = "UITableView+Extensions.swift"; sourceTree = "<group>"; };
		80ECD73F240B954800949DC6 /* NowPlaying.storyboard */ = {isa = PBXFileReference; lastKnownFileType = file.storyboard; path = NowPlaying.storyboard; sourceTree = "<group>"; };
		80ECD741240B957000949DC6 /* NowPlayingViewController.swift */ = {isa = PBXFileReference; lastKnownFileType = sourcecode.swift; path = NowPlayingViewController.swift; sourceTree = "<group>"; };
		80ECD743240B95C500949DC6 /* NowPlayingViewModel.swift */ = {isa = PBXFileReference; lastKnownFileType = sourcecode.swift; path = NowPlayingViewModel.swift; sourceTree = "<group>"; };
		80ECD745240BD68700949DC6 /* URL+Extensions.swift */ = {isa = PBXFileReference; lastKnownFileType = sourcecode.swift; path = "URL+Extensions.swift"; sourceTree = "<group>"; };
		80F10517241692F9009BC802 /* GenericUICollectionViewDataSource.swift */ = {isa = PBXFileReference; lastKnownFileType = sourcecode.swift; path = GenericUICollectionViewDataSource.swift; sourceTree = "<group>"; };
		80F1051A241695E9009BC802 /* SimilarMovCollectionViewCell.swift */ = {isa = PBXFileReference; lastKnownFileType = sourcecode.swift; path = SimilarMovCollectionViewCell.swift; sourceTree = "<group>"; };
		80F1051B241695E9009BC802 /* SimilarMovCollectionViewCell.xib */ = {isa = PBXFileReference; lastKnownFileType = file.xib; path = SimilarMovCollectionViewCell.xib; sourceTree = "<group>"; };
		80F1051E2416CDD5009BC802 /* CollectionArraySource.swift */ = {isa = PBXFileReference; lastKnownFileType = sourcecode.swift; path = CollectionArraySource.swift; sourceTree = "<group>"; };
		80F105202416CE8D009BC802 /* MovieDetailDataSources.swift */ = {isa = PBXFileReference; lastKnownFileType = sourcecode.swift; path = MovieDetailDataSources.swift; sourceTree = "<group>"; };
		80F10522241748F8009BC802 /* CastCollectionViewCell.swift */ = {isa = PBXFileReference; lastKnownFileType = sourcecode.swift; path = CastCollectionViewCell.swift; sourceTree = "<group>"; };
		80F10523241748F8009BC802 /* CastCollectionViewCell.xib */ = {isa = PBXFileReference; lastKnownFileType = file.xib; path = CastCollectionViewCell.xib; sourceTree = "<group>"; };
		80F10526241758A9009BC802 /* CrewCollectionViewCell.swift */ = {isa = PBXFileReference; lastKnownFileType = sourcecode.swift; path = CrewCollectionViewCell.swift; sourceTree = "<group>"; };
		80F10527241758A9009BC802 /* CrewCollectionViewCell.xib */ = {isa = PBXFileReference; lastKnownFileType = file.xib; path = CrewCollectionViewCell.xib; sourceTree = "<group>"; };
		80F1052A2417B6CB009BC802 /* SynopsisView.swift */ = {isa = PBXFileReference; lastKnownFileType = sourcecode.swift; path = SynopsisView.swift; sourceTree = "<group>"; };
		80F1052C2417B6E2009BC802 /* SynopsisView.xib */ = {isa = PBXFileReference; lastKnownFileType = file.xib; path = SynopsisView.xib; sourceTree = "<group>"; };
		8A483C7B5A3E0F514AAD4264 /* Pods-MovieApp_Xcode102Tests.release.xcconfig */ = {isa = PBXFileReference; includeInIndex = 1; lastKnownFileType = text.xcconfig; name = "Pods-MovieApp_Xcode102Tests.release.xcconfig"; path = "Target Support Files/Pods-MovieApp_Xcode102Tests/Pods-MovieApp_Xcode102Tests.release.xcconfig"; sourceTree = "<group>"; };
		8F977CC1CFC8200C0D3A7695 /* Pods_MovieApp_Xcode102.framework */ = {isa = PBXFileReference; explicitFileType = wrapper.framework; includeInIndex = 0; path = Pods_MovieApp_Xcode102.framework; sourceTree = BUILT_PRODUCTS_DIR; };
		97DF8796DDEDE54DBF0519F5 /* Pods_MovieApp_Xcode102Tests.framework */ = {isa = PBXFileReference; explicitFileType = wrapper.framework; includeInIndex = 0; path = Pods_MovieApp_Xcode102Tests.framework; sourceTree = BUILT_PRODUCTS_DIR; };
		C9AFEF83C3D8E850A8CC14B4 /* Pods-MovieApp_Xcode102Tests.debug.xcconfig */ = {isa = PBXFileReference; includeInIndex = 1; lastKnownFileType = text.xcconfig; name = "Pods-MovieApp_Xcode102Tests.debug.xcconfig"; path = "Target Support Files/Pods-MovieApp_Xcode102Tests/Pods-MovieApp_Xcode102Tests.debug.xcconfig"; sourceTree = "<group>"; };
/* End PBXFileReference section */

/* Begin PBXFrameworksBuildPhase section */
		80A3B30C2409620700C2FCDD /* Frameworks */ = {
			isa = PBXFrameworksBuildPhase;
			buildActionMask = 2147483647;
			files = (
				3FBC974E5F3408AAB04C8579 /* Pods_MovieApp_Xcode102.framework in Frameworks */,
			);
			runOnlyForDeploymentPostprocessing = 0;
		};
		80A3B3202409620900C2FCDD /* Frameworks */ = {
			isa = PBXFrameworksBuildPhase;
			buildActionMask = 2147483647;
			files = (
				858DD8C830595E2024834040 /* Pods_MovieApp_Xcode102Tests.framework in Frameworks */,
			);
			runOnlyForDeploymentPostprocessing = 0;
		};
/* End PBXFrameworksBuildPhase section */

/* Begin PBXGroup section */
		2DF9F05454FF2412AC77BA3D /* Pods */ = {
			isa = PBXGroup;
			children = (
				38EDA2BA207EECEAA27A20E1 /* Pods-MovieApp_Xcode102.debug.xcconfig */,
				52FB87C0A267AEB5F8AE26E5 /* Pods-MovieApp_Xcode102.release.xcconfig */,
				C9AFEF83C3D8E850A8CC14B4 /* Pods-MovieApp_Xcode102Tests.debug.xcconfig */,
				8A483C7B5A3E0F514AAD4264 /* Pods-MovieApp_Xcode102Tests.release.xcconfig */,
			);
			path = Pods;
			sourceTree = "<group>";
		};
		4CC36E7A0F651CA164DB09E0 /* Frameworks */ = {
			isa = PBXGroup;
			children = (
				8F977CC1CFC8200C0D3A7695 /* Pods_MovieApp_Xcode102.framework */,
				97DF8796DDEDE54DBF0519F5 /* Pods_MovieApp_Xcode102Tests.framework */,
			);
			name = Frameworks;
			sourceTree = "<group>";
		};
		803BD4E3240A595A00F0D3CF /* Requests */ = {
			isa = PBXGroup;
			children = (
				803BD4E4240A598C00F0D3CF /* BaseApiRequestProtocol.swift */,
				803BD4E6240A59F200F0D3CF /* MoviesRequest */,
			);
			path = Requests;
			sourceTree = "<group>";
		};
		803BD4E6240A59F200F0D3CF /* MoviesRequest */ = {
			isa = PBXGroup;
			children = (
				803BD4E7240A5A1B00F0D3CF /* MoviesApiRequestProtocol.swift */,
				803BD4E9240A84D800F0D3CF /* ChildApiRequests */,
			);
			path = MoviesRequest;
			sourceTree = "<group>";
		};
		803BD4E9240A84D800F0D3CF /* ChildApiRequests */ = {
			isa = PBXGroup;
			children = (
				803BD4EA240A851100F0D3CF /* FetchUpcomingMoviesRequest.swift */,
				80C4B54C2412BB01007124AE /* FetchMovieSynopsis.swift */,
				80C4B58C2414FBE0007124AE /* FetchMovieReviews.swift */,
				80C4B58E2414FC45007124AE /* FetchMovieCredits.swift */,
				80C4B5902414FDEB007124AE /* FetchSimilarMovies.swift */,
			);
			path = ChildApiRequests;
			sourceTree = "<group>";
		};
		803BD4EC240A85BA00F0D3CF /* Responses */ = {
			isa = PBXGroup;
			children = (
				803BD4ED240A863200F0D3CF /* ApiResponse.swift */,
			);
			path = Responses;
			sourceTree = "<group>";
		};
		803BD4F1240A871600F0D3CF /* Models */ = {
			isa = PBXGroup;
			children = (
				803BD4EF240A86D100F0D3CF /* MoviesResponseModel.swift */,
				803BD4F2240A874800F0D3CF /* MovieModel.swift */,
				803BD505240A8E0100F0D3CF /* PageInfo.swift */,
				80C4B59824152F29007124AE /* MovieSynopsisModel.swift */,
				80C4B59A24152FD0007124AE /* MovieCreditsModel.swift */,
				80C4B59C241530D2007124AE /* MovieReviewsResponse.swift */,
				80C4B59E241530F1007124AE /* MovieReviewModel.swift */,
			);
			path = Models;
			sourceTree = "<group>";
		};
		803BD4F4240A880A00F0D3CF /* Protocols */ = {
			isa = PBXGroup;
			children = (
				80C4B5872414D38F007124AE /* InstantiableProtocol.swift */,
				80C4B5862414D38F007124AE /* NibLoadableProtocol.swift */,
				803BD4F5240A882500F0D3CF /* ViewBindableProtocol.swift */,
				80C4B5642413A288007124AE /* Presentable.swift */,
			);
			path = Protocols;
			sourceTree = "<group>";
		};
		803BD4F7240A887F00F0D3CF /* Extensions */ = {
			isa = PBXGroup;
			children = (
				803BD4F8240A889F00F0D3CF /* DateFormatter+Additions.swift */,
				803BD4FA240A896900F0D3CF /* Codable+Additions.swift */,
				80ECD72D240B7F1E00949DC6 /* UIImageView+Extensions.swift */,
				80ECD734240B824500949DC6 /* UItableViewCell+Extensions.swift */,
				80ECD73B240B87E100949DC6 /* UITableView+Extensions.swift */,
				80ECD745240BD68700949DC6 /* URL+Extensions.swift */,
				80C4B5842414D27D007124AE /* UIViewController+Extensions.swift */,
				80C4B594241506A2007124AE /* UIView+Extensions.swift */,
			);
			path = Extensions;
			sourceTree = "<group>";
		};
		803BD4FC240A8B1200F0D3CF /* Reusables */ = {
			isa = PBXGroup;
			children = (
				803BD4FD240A8B4A00F0D3CF /* DateTransformers.swift */,
				80F10517241692F9009BC802 /* GenericUICollectionViewDataSource.swift */,
				80F1051E2416CDD5009BC802 /* CollectionArraySource.swift */,
			);
			path = Reusables;
			sourceTree = "<group>";
		};
		803BD4FF240A8BB800F0D3CF /* Helpers */ = {
			isa = PBXGroup;
			children = (
				803BD500240A8BD600F0D3CF /* PaginationSection.swift */,
				803BD503240A8D5D00F0D3CF /* CollectionChange.swift */,
			);
			path = Helpers;
			sourceTree = "<group>";
		};
		803BD50D240ADD5600F0D3CF /* BaseViewControllers */ = {
			isa = PBXGroup;
			children = (
				803BD50E240ADDBD00F0D3CF /* BaseNavigationController.swift */,
				80ECD723240B774F00949DC6 /* MovieListViewController */,
			);
			path = BaseViewControllers;
			sourceTree = "<group>";
		};
		80A3B3062409620700C2FCDD = {
			isa = PBXGroup;
			children = (
				80A3B3112409620700C2FCDD /* MovieApp_Xcode102 */,
				80A3B3262409620900C2FCDD /* MovieApp_Xcode102Tests */,
				80A3B3102409620700C2FCDD /* Products */,
				2DF9F05454FF2412AC77BA3D /* Pods */,
				4CC36E7A0F651CA164DB09E0 /* Frameworks */,
			);
			sourceTree = "<group>";
		};
		80A3B3102409620700C2FCDD /* Products */ = {
			isa = PBXGroup;
			children = (
				80A3B30F2409620700C2FCDD /* MovieApp_Xcode102.app */,
				80A3B3232409620900C2FCDD /* MovieApp_Xcode102Tests.xctest */,
			);
			name = Products;
			sourceTree = "<group>";
		};
		80A3B3112409620700C2FCDD /* MovieApp_Xcode102 */ = {
			isa = PBXGroup;
			children = (
				80C4B56B2414A784007124AE /* ScreenFlows */,
				80C4B5682414A699007124AE /* Factories */,
				80C4B55924136A05007124AE /* Routers */,
				80C4B551241343A0007124AE /* Coordinator */,
				80A3B333240A47D500C2FCDD /* ApiManager */,
				803BD4F1240A871600F0D3CF /* Models */,
				80ECD720240B71C100949DC6 /* ViewModels */,
				80ECD70F240B5C0200949DC6 /* Constants */,
				80ECD70E240B5B7800949DC6 /* Screens */,
				803BD50D240ADD5600F0D3CF /* BaseViewControllers */,
				803BD4FF240A8BB800F0D3CF /* Helpers */,
				803BD4FC240A8B1200F0D3CF /* Reusables */,
				803BD4F7240A887F00F0D3CF /* Extensions */,
				803BD4F4240A880A00F0D3CF /* Protocols */,
				80A3B332240A47B700C2FCDD /* Bundle */,
				80A3B3192409620900C2FCDD /* Assets.xcassets */,
				80A3B31B2409620900C2FCDD /* LaunchScreen.storyboard */,
				80A3B31E2409620900C2FCDD /* Info.plist */,
			);
			path = MovieApp_Xcode102;
			sourceTree = "<group>";
		};
		80A3B3262409620900C2FCDD /* MovieApp_Xcode102Tests */ = {
			isa = PBXGroup;
			children = (
				80A3B3272409620900C2FCDD /* MovieApp_Xcode102Tests.swift */,
				80A3B3292409620900C2FCDD /* Info.plist */,
			);
			path = MovieApp_Xcode102Tests;
			sourceTree = "<group>";
		};
		80A3B332240A47B700C2FCDD /* Bundle */ = {
			isa = PBXGroup;
			children = (
				80A3B3122409620700C2FCDD /* AppDelegate.swift */,
			);
			path = Bundle;
			sourceTree = "<group>";
		};
		80A3B333240A47D500C2FCDD /* ApiManager */ = {
			isa = PBXGroup;
			children = (
				80A3B334240A480200C2FCDD /* ApiRequestManager.swift */,
				803BD4E3240A595A00F0D3CF /* Requests */,
				803BD4EC240A85BA00F0D3CF /* Responses */,
			);
			path = ApiManager;
			sourceTree = "<group>";
		};
		80C4B54E2412BC02007124AE /* MovieDetailScreen */ = {
			isa = PBXGroup;
			children = (
				80F10519241695C7009BC802 /* Cells */,
				80C4B54F2412BC46007124AE /* MovieDetailViewController.swift */,
				80C4B55724134E95007124AE /* MovieDetail.storyboard */,
				80C4B5712414AB7E007124AE /* MovieDetailCoordintorOutput.swift */,
				80C4B5802414BFB3007124AE /* MovieDetailCoordinator.swift */,
				80C4B5922414FE43007124AE /* MovieDetailViewModel.swift */,
				80F105202416CE8D009BC802 /* MovieDetailDataSources.swift */,
				80F1052A2417B6CB009BC802 /* SynopsisView.swift */,
				80F1052C2417B6E2009BC802 /* SynopsisView.xib */,
			);
			path = MovieDetailScreen;
			sourceTree = "<group>";
		};
		80C4B551241343A0007124AE /* Coordinator */ = {
			isa = PBXGroup;
			children = (
				80C4B552241346FD007124AE /* Coordinator.swift */,
				80C4B55524134961007124AE /* BaseCoordinator.swift */,
				80C4B55A241382AD007124AE /* ApplicationCoordinator.swift */,
			);
			path = Coordinator;
			sourceTree = "<group>";
		};
		80C4B55424134809007124AE /* SplashScreen */ = {
			isa = PBXGroup;
			children = (
				80C4B55C2413857F007124AE /* SplashViewController.swift */,
				80C4B55E24138591007124AE /* Splash.storyboard */,
				80C4B5762414AEDD007124AE /* SplashCoordinator.swift */,
				80C4B56F2414AB4A007124AE /* SplashCoordinatorOutput.swift */,
			);
			path = SplashScreen;
			sourceTree = "<group>";
		};
		80C4B55924136A05007124AE /* Routers */ = {
			isa = PBXGroup;
			children = (
				80C4B560241387E1007124AE /* Router.swift */,
				80C4B562241396FC007124AE /* DeeplinkManager.swift */,
				80C4B56624149E62007124AE /* RouterImplementation.swift */,
			);
			path = Routers;
			sourceTree = "<group>";
		};
		80C4B5682414A699007124AE /* Factories */ = {
			isa = PBXGroup;
			children = (
				80C4B5732414ADAB007124AE /* CoordinatorImpl */,
				80C4B5692414A6B6007124AE /* CoordinatorFactoryProtocol.swift */,
				80C4B5782414B037007124AE /* SplashModuleFactory.swift */,
				80C4B57C2414B87C007124AE /* NowPlayingModuleFactory.swift */,
				80C4B5822414C054007124AE /* MovieDetailModuleFactory.swift */,
			);
			path = Factories;
			sourceTree = "<group>";
		};
		80C4B56B2414A784007124AE /* ScreenFlows */ = {
			isa = PBXGroup;
			children = (
				80C4B55424134809007124AE /* SplashScreen */,
				80ECD73D240B94E000949DC6 /* NowPlayingMovies */,
				80C4B54E2412BC02007124AE /* MovieDetailScreen */,
			);
			path = ScreenFlows;
			sourceTree = "<group>";
		};
		80C4B5732414ADAB007124AE /* CoordinatorImpl */ = {
			isa = PBXGroup;
			children = (
				80C4B5742414AE2A007124AE /* CoordinatorFactoryImplem.swift */,
				80C4B57A2414B825007124AE /* ModuleFactoryImplem.swift */,
			);
			path = CoordinatorImpl;
			sourceTree = "<group>";
		};
		80ECD70E240B5B7800949DC6 /* Screens */ = {
			isa = PBXGroup;
			children = (
				80ECD714240B5E5E00949DC6 /* Root */,
			);
			path = Screens;
			sourceTree = "<group>";
		};
		80ECD70F240B5C0200949DC6 /* Constants */ = {
			isa = PBXGroup;
			children = (
				80ECD710240B5D5200949DC6 /* Constants.swift */,
				80ECD712240B5D7C00949DC6 /* Constants+Extensions.swift */,
			);
			path = Constants;
			sourceTree = "<group>";
		};
		80ECD714240B5E5E00949DC6 /* Root */ = {
			isa = PBXGroup;
			children = (
				80ECD717240B5EA400949DC6 /* Root.storyboard */,
				80ECD715240B5E9500949DC6 /* RootViewController.swift */,
			);
			path = Root;
			sourceTree = "<group>";
		};
		80ECD720240B71C100949DC6 /* ViewModels */ = {
			isa = PBXGroup;
			children = (
				80ECD721240B71E100949DC6 /* MovieViewModel.swift */,
				80C4B596241508D1007124AE /* MovieDetailProtocol.swift */,
			);
			path = ViewModels;
			sourceTree = "<group>";
		};
		80ECD723240B774F00949DC6 /* MovieListViewController */ = {
			isa = PBXGroup;
			children = (
				80ECD736240B843900949DC6 /* LoadingView */,
				80ECD71E240B6EF200949DC6 /* MovieListViewController.swift */,
				80ECD724240B776F00949DC6 /* Cells */,
			);
			path = MovieListViewController;
			sourceTree = "<group>";
		};
		80ECD724240B776F00949DC6 /* Cells */ = {
			isa = PBXGroup;
			children = (
				80ECD72F240B814400949DC6 /* LoadingCell */,
				80ECD729240B782200949DC6 /* BaseTableViewCell */,
				80ECD72C240B785B00949DC6 /* MovieCell */,
			);
			path = Cells;
			sourceTree = "<group>";
		};
		80ECD729240B782200949DC6 /* BaseTableViewCell */ = {
			isa = PBXGroup;
			children = (
				80ECD72A240B783F00949DC6 /* BaseTableViewCell.swift */,
			);
			path = BaseTableViewCell;
			sourceTree = "<group>";
		};
		80ECD72C240B785B00949DC6 /* MovieCell */ = {
			isa = PBXGroup;
			children = (
				80ECD725240B778800949DC6 /* MovieTableViewCell.swift */,
				80ECD726240B778800949DC6 /* MovieTableViewCell.xib */,
			);
			path = MovieCell;
			sourceTree = "<group>";
		};
		80ECD72F240B814400949DC6 /* LoadingCell */ = {
			isa = PBXGroup;
			children = (
				80ECD730240B815700949DC6 /* LoadingTableViewCell.swift */,
				80ECD731240B815700949DC6 /* LoadingTableViewCell.xib */,
			);
			path = LoadingCell;
			sourceTree = "<group>";
		};
		80ECD736240B843900949DC6 /* LoadingView */ = {
			isa = PBXGroup;
			children = (
				80ECD737240B846700949DC6 /* LoadingView.swift */,
				80ECD739240B847900949DC6 /* LoadingView.xib */,
			);
			path = LoadingView;
			sourceTree = "<group>";
		};
		80ECD73D240B94E000949DC6 /* NowPlayingMovies */ = {
			isa = PBXGroup;
			children = (
				80C4B56D2414A805007124AE /* NowPlayingCoordinatorOutput.swift */,
				80ECD73F240B954800949DC6 /* NowPlaying.storyboard */,
				80ECD741240B957000949DC6 /* NowPlayingViewController.swift */,
				80ECD743240B95C500949DC6 /* NowPlayingViewModel.swift */,
				80C4B57E2414BC8F007124AE /* NowPlayingCoordiator.swift */,
				80C4B58A2414F009007124AE /* MovieListActions.swift */,
			);
			path = NowPlayingMovies;
			sourceTree = "<group>";
		};
		80F10519241695C7009BC802 /* Cells */ = {
			isa = PBXGroup;
			children = (
				80F1051A241695E9009BC802 /* SimilarMovCollectionViewCell.swift */,
				80F1051B241695E9009BC802 /* SimilarMovCollectionViewCell.xib */,
				80F10522241748F8009BC802 /* CastCollectionViewCell.swift */,
				80F10523241748F8009BC802 /* CastCollectionViewCell.xib */,
				80F10526241758A9009BC802 /* CrewCollectionViewCell.swift */,
				80F10527241758A9009BC802 /* CrewCollectionViewCell.xib */,
			);
			path = Cells;
			sourceTree = "<group>";
		};
/* End PBXGroup section */

/* Begin PBXNativeTarget section */
		80A3B30E2409620700C2FCDD /* MovieApp_Xcode102 */ = {
			isa = PBXNativeTarget;
			buildConfigurationList = 80A3B32C2409620900C2FCDD /* Build configuration list for PBXNativeTarget "MovieApp_Xcode102" */;
			buildPhases = (
				5984F5A6CBCD311BBD47679F /* [CP] Check Pods Manifest.lock */,
				80A3B30B2409620700C2FCDD /* Sources */,
				80A3B30C2409620700C2FCDD /* Frameworks */,
				80A3B30D2409620700C2FCDD /* Resources */,
				61936D99AAF39EF53F1BD266 /* [CP] Embed Pods Frameworks */,
			);
			buildRules = (
			);
			dependencies = (
			);
			name = MovieApp_Xcode102;
			productName = MovieApp_Xcode102;
			productReference = 80A3B30F2409620700C2FCDD /* MovieApp_Xcode102.app */;
			productType = "com.apple.product-type.application";
		};
		80A3B3222409620900C2FCDD /* MovieApp_Xcode102Tests */ = {
			isa = PBXNativeTarget;
			buildConfigurationList = 80A3B32F2409620900C2FCDD /* Build configuration list for PBXNativeTarget "MovieApp_Xcode102Tests" */;
			buildPhases = (
				5D0892CAE5D41186D8BADD52 /* [CP] Check Pods Manifest.lock */,
				80A3B31F2409620900C2FCDD /* Sources */,
				80A3B3202409620900C2FCDD /* Frameworks */,
				80A3B3212409620900C2FCDD /* Resources */,
			);
			buildRules = (
			);
			dependencies = (
				80A3B3252409620900C2FCDD /* PBXTargetDependency */,
			);
			name = MovieApp_Xcode102Tests;
			productName = MovieApp_Xcode102Tests;
			productReference = 80A3B3232409620900C2FCDD /* MovieApp_Xcode102Tests.xctest */;
			productType = "com.apple.product-type.bundle.unit-test";
		};
/* End PBXNativeTarget section */

/* Begin PBXProject section */
		80A3B3072409620700C2FCDD /* Project object */ = {
			isa = PBXProject;
			attributes = {
				LastSwiftUpdateCheck = 1020;
				LastUpgradeCheck = 1020;
				ORGANIZATIONNAME = "Vivek Gupta";
				TargetAttributes = {
					80A3B30E2409620700C2FCDD = {
						CreatedOnToolsVersion = 10.2.1;
					};
					80A3B3222409620900C2FCDD = {
						CreatedOnToolsVersion = 10.2.1;
						TestTargetID = 80A3B30E2409620700C2FCDD;
					};
				};
			};
			buildConfigurationList = 80A3B30A2409620700C2FCDD /* Build configuration list for PBXProject "MovieApp_Xcode102" */;
			compatibilityVersion = "Xcode 9.3";
			developmentRegion = en;
			hasScannedForEncodings = 0;
			knownRegions = (
				en,
				Base,
			);
			mainGroup = 80A3B3062409620700C2FCDD;
			productRefGroup = 80A3B3102409620700C2FCDD /* Products */;
			projectDirPath = "";
			projectRoot = "";
			targets = (
				80A3B30E2409620700C2FCDD /* MovieApp_Xcode102 */,
				80A3B3222409620900C2FCDD /* MovieApp_Xcode102Tests */,
			);
		};
/* End PBXProject section */

/* Begin PBXResourcesBuildPhase section */
		80A3B30D2409620700C2FCDD /* Resources */ = {
			isa = PBXResourcesBuildPhase;
			buildActionMask = 2147483647;
			files = (
				80C4B55824134E95007124AE /* MovieDetail.storyboard in Resources */,
				80ECD733240B815700949DC6 /* LoadingTableViewCell.xib in Resources */,
				80F1051D241695E9009BC802 /* SimilarMovCollectionViewCell.xib in Resources */,
				80A3B31D2409620900C2FCDD /* LaunchScreen.storyboard in Resources */,
				80ECD728240B778800949DC6 /* MovieTableViewCell.xib in Resources */,
				80ECD740240B954800949DC6 /* NowPlaying.storyboard in Resources */,
				80F10525241748F8009BC802 /* CastCollectionViewCell.xib in Resources */,
				80F10529241758A9009BC802 /* CrewCollectionViewCell.xib in Resources */,
				80C4B55F24138591007124AE /* Splash.storyboard in Resources */,
				80F1052D2417B6E2009BC802 /* SynopsisView.xib in Resources */,
				80ECD73A240B847900949DC6 /* LoadingView.xib in Resources */,
				80A3B31A2409620900C2FCDD /* Assets.xcassets in Resources */,
				80ECD718240B5EA400949DC6 /* Root.storyboard in Resources */,
			);
			runOnlyForDeploymentPostprocessing = 0;
		};
		80A3B3212409620900C2FCDD /* Resources */ = {
			isa = PBXResourcesBuildPhase;
			buildActionMask = 2147483647;
			files = (
			);
			runOnlyForDeploymentPostprocessing = 0;
		};
/* End PBXResourcesBuildPhase section */

/* Begin PBXShellScriptBuildPhase section */
		5984F5A6CBCD311BBD47679F /* [CP] Check Pods Manifest.lock */ = {
			isa = PBXShellScriptBuildPhase;
			buildActionMask = 2147483647;
			files = (
			);
			inputFileListPaths = (
			);
			inputPaths = (
				"${PODS_PODFILE_DIR_PATH}/Podfile.lock",
				"${PODS_ROOT}/Manifest.lock",
			);
			name = "[CP] Check Pods Manifest.lock";
			outputFileListPaths = (
			);
			outputPaths = (
				"$(DERIVED_FILE_DIR)/Pods-MovieApp_Xcode102-checkManifestLockResult.txt",
			);
			runOnlyForDeploymentPostprocessing = 0;
			shellPath = /bin/sh;
			shellScript = "diff \"${PODS_PODFILE_DIR_PATH}/Podfile.lock\" \"${PODS_ROOT}/Manifest.lock\" > /dev/null\nif [ $? != 0 ] ; then\n    # print error to STDERR\n    echo \"error: The sandbox is not in sync with the Podfile.lock. Run 'pod install' or update your CocoaPods installation.\" >&2\n    exit 1\nfi\n# This output is used by Xcode 'outputs' to avoid re-running this script phase.\necho \"SUCCESS\" > \"${SCRIPT_OUTPUT_FILE_0}\"\n";
			showEnvVarsInLog = 0;
		};
		5D0892CAE5D41186D8BADD52 /* [CP] Check Pods Manifest.lock */ = {
			isa = PBXShellScriptBuildPhase;
			buildActionMask = 2147483647;
			files = (
			);
			inputFileListPaths = (
			);
			inputPaths = (
				"${PODS_PODFILE_DIR_PATH}/Podfile.lock",
				"${PODS_ROOT}/Manifest.lock",
			);
			name = "[CP] Check Pods Manifest.lock";
			outputFileListPaths = (
			);
			outputPaths = (
				"$(DERIVED_FILE_DIR)/Pods-MovieApp_Xcode102Tests-checkManifestLockResult.txt",
			);
			runOnlyForDeploymentPostprocessing = 0;
			shellPath = /bin/sh;
			shellScript = "diff \"${PODS_PODFILE_DIR_PATH}/Podfile.lock\" \"${PODS_ROOT}/Manifest.lock\" > /dev/null\nif [ $? != 0 ] ; then\n    # print error to STDERR\n    echo \"error: The sandbox is not in sync with the Podfile.lock. Run 'pod install' or update your CocoaPods installation.\" >&2\n    exit 1\nfi\n# This output is used by Xcode 'outputs' to avoid re-running this script phase.\necho \"SUCCESS\" > \"${SCRIPT_OUTPUT_FILE_0}\"\n";
			showEnvVarsInLog = 0;
		};
		61936D99AAF39EF53F1BD266 /* [CP] Embed Pods Frameworks */ = {
			isa = PBXShellScriptBuildPhase;
			buildActionMask = 2147483647;
			files = (
			);
			inputFileListPaths = (
				"${PODS_ROOT}/Target Support Files/Pods-MovieApp_Xcode102/Pods-MovieApp_Xcode102-frameworks-${CONFIGURATION}-input-files.xcfilelist",
			);
			name = "[CP] Embed Pods Frameworks";
			outputFileListPaths = (
				"${PODS_ROOT}/Target Support Files/Pods-MovieApp_Xcode102/Pods-MovieApp_Xcode102-frameworks-${CONFIGURATION}-output-files.xcfilelist",
			);
			runOnlyForDeploymentPostprocessing = 0;
			shellPath = /bin/sh;
			shellScript = "\"${PODS_ROOT}/Target Support Files/Pods-MovieApp_Xcode102/Pods-MovieApp_Xcode102-frameworks.sh\"\n";
			showEnvVarsInLog = 0;
		};
/* End PBXShellScriptBuildPhase section */

/* Begin PBXSourcesBuildPhase section */
		80A3B30B2409620700C2FCDD /* Sources */ = {
			isa = PBXSourcesBuildPhase;
			buildActionMask = 2147483647;
			files = (
				80C4B561241387E1007124AE /* Router.swift in Sources */,
				80ECD744240B95C500949DC6 /* NowPlayingViewModel.swift in Sources */,
				803BD4F3240A874800F0D3CF /* MovieModel.swift in Sources */,
				80C4B59D241530D2007124AE /* MovieReviewsResponse.swift in Sources */,
				80C4B56E2414A805007124AE /* NowPlayingCoordinatorOutput.swift in Sources */,
				80C4B55B241382AD007124AE /* ApplicationCoordinator.swift in Sources */,
				80C4B5892414D38F007124AE /* InstantiableProtocol.swift in Sources */,
				80C4B57D2414B87C007124AE /* NowPlayingModuleFactory.swift in Sources */,
				80ECD711240B5D5200949DC6 /* Constants.swift in Sources */,
				80ECD71F240B6EF200949DC6 /* MovieListViewController.swift in Sources */,
				80C4B5912414FDEB007124AE /* FetchSimilarMovies.swift in Sources */,
				80ECD72B240B783F00949DC6 /* BaseTableViewCell.swift in Sources */,
				80C4B58F2414FC45007124AE /* FetchMovieCredits.swift in Sources */,
				80C4B59924152F29007124AE /* MovieSynopsisModel.swift in Sources */,
				803BD4EB240A851100F0D3CF /* FetchUpcomingMoviesRequest.swift in Sources */,
				80C4B5772414AEDD007124AE /* SplashCoordinator.swift in Sources */,
				80C4B5722414AB7E007124AE /* MovieDetailCoordintorOutput.swift in Sources */,
				80C4B5932414FE43007124AE /* MovieDetailViewModel.swift in Sources */,
				803BD506240A8E0100F0D3CF /* PageInfo.swift in Sources */,
				80ECD713240B5D7C00949DC6 /* Constants+Extensions.swift in Sources */,
				803BD4FB240A896900F0D3CF /* Codable+Additions.swift in Sources */,
				80A3B3132409620700C2FCDD /* AppDelegate.swift in Sources */,
				80C4B5882414D38F007124AE /* NibLoadableProtocol.swift in Sources */,
				803BD4EE240A863200F0D3CF /* ApiResponse.swift in Sources */,
				80A3B335240A480200C2FCDD /* ApiRequestManager.swift in Sources */,
				803BD50F240ADDBD00F0D3CF /* BaseNavigationController.swift in Sources */,
				80ECD727240B778800949DC6 /* MovieTableViewCell.swift in Sources */,
				803BD4E8240A5A1B00F0D3CF /* MoviesApiRequestProtocol.swift in Sources */,
				80C4B597241508D1007124AE /* MovieDetailProtocol.swift in Sources */,
				80F10528241758A9009BC802 /* CrewCollectionViewCell.swift in Sources */,
				80C4B57F2414BC8F007124AE /* NowPlayingCoordiator.swift in Sources */,
				80F1051F2416CDD5009BC802 /* CollectionArraySource.swift in Sources */,
				80C4B5852414D27D007124AE /* UIViewController+Extensions.swift in Sources */,
				80C4B595241506A2007124AE /* UIView+Extensions.swift in Sources */,
				80F10524241748F8009BC802 /* CastCollectionViewCell.swift in Sources */,
				80C4B553241346FD007124AE /* Coordinator.swift in Sources */,
				80C4B56A2414A6B6007124AE /* CoordinatorFactoryProtocol.swift in Sources */,
				803BD4FE240A8B4A00F0D3CF /* DateTransformers.swift in Sources */,
				80C4B5502412BC46007124AE /* MovieDetailViewController.swift in Sources */,
				80C4B5702414AB4A007124AE /* SplashCoordinatorOutput.swift in Sources */,
				80C4B55624134961007124AE /* BaseCoordinator.swift in Sources */,
				80C4B5792414B037007124AE /* SplashModuleFactory.swift in Sources */,
				80ECD716240B5E9500949DC6 /* RootViewController.swift in Sources */,
				80F105212416CE8D009BC802 /* MovieDetailDataSources.swift in Sources */,
				80ECD746240BD68700949DC6 /* URL+Extensions.swift in Sources */,
				803BD4F9240A889F00F0D3CF /* DateFormatter+Additions.swift in Sources */,
				80C4B563241396FC007124AE /* DeeplinkManager.swift in Sources */,
				80F10518241692F9009BC802 /* GenericUICollectionViewDataSource.swift in Sources */,
				80C4B5752414AE2A007124AE /* CoordinatorFactoryImplem.swift in Sources */,
				80C4B54D2412BB01007124AE /* FetchMovieSynopsis.swift in Sources */,
				80C4B59F241530F1007124AE /* MovieReviewModel.swift in Sources */,
				803BD504240A8D5D00F0D3CF /* CollectionChange.swift in Sources */,
				80C4B5652413A288007124AE /* Presentable.swift in Sources */,
				80ECD742240B957000949DC6 /* NowPlayingViewController.swift in Sources */,
				80ECD73C240B87E100949DC6 /* UITableView+Extensions.swift in Sources */,
				80ECD735240B824500949DC6 /* UItableViewCell+Extensions.swift in Sources */,
				80F1052B2417B6CB009BC802 /* SynopsisView.swift in Sources */,
				80C4B57B2414B825007124AE /* ModuleFactoryImplem.swift in Sources */,
				80C4B58B2414F009007124AE /* MovieListActions.swift in Sources */,
				803BD4E5240A598C00F0D3CF /* BaseApiRequestProtocol.swift in Sources */,
				80C4B59B24152FD0007124AE /* MovieCreditsModel.swift in Sources */,
				80C4B5812414BFB3007124AE /* MovieDetailCoordinator.swift in Sources */,
				80ECD72E240B7F1E00949DC6 /* UIImageView+Extensions.swift in Sources */,
				80F1051C241695E9009BC802 /* SimilarMovCollectionViewCell.swift in Sources */,
				80ECD732240B815700949DC6 /* LoadingTableViewCell.swift in Sources */,
				80C4B58D2414FBE0007124AE /* FetchMovieReviews.swift in Sources */,
				80C4B56724149E62007124AE /* RouterImplementation.swift in Sources */,
				80ECD722240B71E100949DC6 /* MovieViewModel.swift in Sources */,
				80C4B5832414C054007124AE /* MovieDetailModuleFactory.swift in Sources */,
				803BD4F0240A86D100F0D3CF /* MoviesResponseModel.swift in Sources */,
				803BD4F6240A882500F0D3CF /* ViewBindableProtocol.swift in Sources */,
				80ECD738240B846700949DC6 /* LoadingView.swift in Sources */,
				803BD501240A8BD600F0D3CF /* PaginationSection.swift in Sources */,
				80C4B55D2413857F007124AE /* SplashViewController.swift in Sources */,
			);
			runOnlyForDeploymentPostprocessing = 0;
		};
		80A3B31F2409620900C2FCDD /* Sources */ = {
			isa = PBXSourcesBuildPhase;
			buildActionMask = 2147483647;
			files = (
				80A3B3282409620900C2FCDD /* MovieApp_Xcode102Tests.swift in Sources */,
			);
			runOnlyForDeploymentPostprocessing = 0;
		};
/* End PBXSourcesBuildPhase section */

/* Begin PBXTargetDependency section */
		80A3B3252409620900C2FCDD /* PBXTargetDependency */ = {
			isa = PBXTargetDependency;
			target = 80A3B30E2409620700C2FCDD /* MovieApp_Xcode102 */;
			targetProxy = 80A3B3242409620900C2FCDD /* PBXContainerItemProxy */;
		};
/* End PBXTargetDependency section */

/* Begin PBXVariantGroup section */
		80A3B31B2409620900C2FCDD /* LaunchScreen.storyboard */ = {
			isa = PBXVariantGroup;
			children = (
				80A3B31C2409620900C2FCDD /* Base */,
			);
			name = LaunchScreen.storyboard;
			sourceTree = "<group>";
		};
/* End PBXVariantGroup section */

/* Begin XCBuildConfiguration section */
		80A3B32A2409620900C2FCDD /* Debug */ = {
			isa = XCBuildConfiguration;
			buildSettings = {
				ALWAYS_SEARCH_USER_PATHS = NO;
				CLANG_ANALYZER_NONNULL = YES;
				CLANG_ANALYZER_NUMBER_OBJECT_CONVERSION = YES_AGGRESSIVE;
				CLANG_CXX_LANGUAGE_STANDARD = "gnu++14";
				CLANG_CXX_LIBRARY = "libc++";
				CLANG_ENABLE_MODULES = YES;
				CLANG_ENABLE_OBJC_ARC = YES;
				CLANG_ENABLE_OBJC_WEAK = YES;
				CLANG_WARN_BLOCK_CAPTURE_AUTORELEASING = YES;
				CLANG_WARN_BOOL_CONVERSION = YES;
				CLANG_WARN_COMMA = YES;
				CLANG_WARN_CONSTANT_CONVERSION = YES;
				CLANG_WARN_DEPRECATED_OBJC_IMPLEMENTATIONS = YES;
				CLANG_WARN_DIRECT_OBJC_ISA_USAGE = YES_ERROR;
				CLANG_WARN_DOCUMENTATION_COMMENTS = YES;
				CLANG_WARN_EMPTY_BODY = YES;
				CLANG_WARN_ENUM_CONVERSION = YES;
				CLANG_WARN_INFINITE_RECURSION = YES;
				CLANG_WARN_INT_CONVERSION = YES;
				CLANG_WARN_NON_LITERAL_NULL_CONVERSION = YES;
				CLANG_WARN_OBJC_IMPLICIT_RETAIN_SELF = YES;
				CLANG_WARN_OBJC_LITERAL_CONVERSION = YES;
				CLANG_WARN_OBJC_ROOT_CLASS = YES_ERROR;
				CLANG_WARN_RANGE_LOOP_ANALYSIS = YES;
				CLANG_WARN_STRICT_PROTOTYPES = YES;
				CLANG_WARN_SUSPICIOUS_MOVE = YES;
				CLANG_WARN_UNGUARDED_AVAILABILITY = YES_AGGRESSIVE;
				CLANG_WARN_UNREACHABLE_CODE = YES;
				CLANG_WARN__DUPLICATE_METHOD_MATCH = YES;
				CODE_SIGN_IDENTITY = "iPhone Developer";
				COPY_PHASE_STRIP = NO;
				DEBUG_INFORMATION_FORMAT = dwarf;
				ENABLE_STRICT_OBJC_MSGSEND = YES;
				ENABLE_TESTABILITY = YES;
				GCC_C_LANGUAGE_STANDARD = gnu11;
				GCC_DYNAMIC_NO_PIC = NO;
				GCC_NO_COMMON_BLOCKS = YES;
				GCC_OPTIMIZATION_LEVEL = 0;
				GCC_PREPROCESSOR_DEFINITIONS = (
					"DEBUG=1",
					"$(inherited)",
				);
				GCC_WARN_64_TO_32_BIT_CONVERSION = YES;
				GCC_WARN_ABOUT_RETURN_TYPE = YES_ERROR;
				GCC_WARN_UNDECLARED_SELECTOR = YES;
				GCC_WARN_UNINITIALIZED_AUTOS = YES_AGGRESSIVE;
				GCC_WARN_UNUSED_FUNCTION = YES;
				GCC_WARN_UNUSED_VARIABLE = YES;
				IPHONEOS_DEPLOYMENT_TARGET = 12.2;
				MTL_ENABLE_DEBUG_INFO = INCLUDE_SOURCE;
				MTL_FAST_MATH = YES;
				ONLY_ACTIVE_ARCH = YES;
				SDKROOT = iphoneos;
				SWIFT_ACTIVE_COMPILATION_CONDITIONS = DEBUG;
				SWIFT_OPTIMIZATION_LEVEL = "-Onone";
			};
			name = Debug;
		};
		80A3B32B2409620900C2FCDD /* Release */ = {
			isa = XCBuildConfiguration;
			buildSettings = {
				ALWAYS_SEARCH_USER_PATHS = NO;
				CLANG_ANALYZER_NONNULL = YES;
				CLANG_ANALYZER_NUMBER_OBJECT_CONVERSION = YES_AGGRESSIVE;
				CLANG_CXX_LANGUAGE_STANDARD = "gnu++14";
				CLANG_CXX_LIBRARY = "libc++";
				CLANG_ENABLE_MODULES = YES;
				CLANG_ENABLE_OBJC_ARC = YES;
				CLANG_ENABLE_OBJC_WEAK = YES;
				CLANG_WARN_BLOCK_CAPTURE_AUTORELEASING = YES;
				CLANG_WARN_BOOL_CONVERSION = YES;
				CLANG_WARN_COMMA = YES;
				CLANG_WARN_CONSTANT_CONVERSION = YES;
				CLANG_WARN_DEPRECATED_OBJC_IMPLEMENTATIONS = YES;
				CLANG_WARN_DIRECT_OBJC_ISA_USAGE = YES_ERROR;
				CLANG_WARN_DOCUMENTATION_COMMENTS = YES;
				CLANG_WARN_EMPTY_BODY = YES;
				CLANG_WARN_ENUM_CONVERSION = YES;
				CLANG_WARN_INFINITE_RECURSION = YES;
				CLANG_WARN_INT_CONVERSION = YES;
				CLANG_WARN_NON_LITERAL_NULL_CONVERSION = YES;
				CLANG_WARN_OBJC_IMPLICIT_RETAIN_SELF = YES;
				CLANG_WARN_OBJC_LITERAL_CONVERSION = YES;
				CLANG_WARN_OBJC_ROOT_CLASS = YES_ERROR;
				CLANG_WARN_RANGE_LOOP_ANALYSIS = YES;
				CLANG_WARN_STRICT_PROTOTYPES = YES;
				CLANG_WARN_SUSPICIOUS_MOVE = YES;
				CLANG_WARN_UNGUARDED_AVAILABILITY = YES_AGGRESSIVE;
				CLANG_WARN_UNREACHABLE_CODE = YES;
				CLANG_WARN__DUPLICATE_METHOD_MATCH = YES;
				CODE_SIGN_IDENTITY = "iPhone Developer";
				COPY_PHASE_STRIP = NO;
				DEBUG_INFORMATION_FORMAT = "dwarf-with-dsym";
				ENABLE_NS_ASSERTIONS = NO;
				ENABLE_STRICT_OBJC_MSGSEND = YES;
				GCC_C_LANGUAGE_STANDARD = gnu11;
				GCC_NO_COMMON_BLOCKS = YES;
				GCC_WARN_64_TO_32_BIT_CONVERSION = YES;
				GCC_WARN_ABOUT_RETURN_TYPE = YES_ERROR;
				GCC_WARN_UNDECLARED_SELECTOR = YES;
				GCC_WARN_UNINITIALIZED_AUTOS = YES_AGGRESSIVE;
				GCC_WARN_UNUSED_FUNCTION = YES;
				GCC_WARN_UNUSED_VARIABLE = YES;
				IPHONEOS_DEPLOYMENT_TARGET = 12.2;
				MTL_ENABLE_DEBUG_INFO = NO;
				MTL_FAST_MATH = YES;
				SDKROOT = iphoneos;
				SWIFT_COMPILATION_MODE = wholemodule;
				SWIFT_OPTIMIZATION_LEVEL = "-O";
				VALIDATE_PRODUCT = YES;
			};
			name = Release;
		};
		80A3B32D2409620900C2FCDD /* Debug */ = {
			isa = XCBuildConfiguration;
			baseConfigurationReference = 38EDA2BA207EECEAA27A20E1 /* Pods-MovieApp_Xcode102.debug.xcconfig */;
			buildSettings = {
				ASSETCATALOG_COMPILER_APPICON_NAME = AppIcon;
				CODE_SIGN_STYLE = Manual;
				DEVELOPMENT_TEAM = 9GU36QFD53;
				INFOPLIST_FILE = MovieApp_Xcode102/Info.plist;
				LD_RUNPATH_SEARCH_PATHS = (
					"$(inherited)",
					"@executable_path/Frameworks",
				);
				PRODUCT_BUNDLE_IDENTIFIER = com.raweng.sandbox;
				PRODUCT_NAME = "$(TARGET_NAME)";
				PROVISIONING_PROFILE_SPECIFIER = Sandbox_APNS;
				SWIFT_VERSION = 5.0;
				TARGETED_DEVICE_FAMILY = "1,2";
			};
			name = Debug;
		};
		80A3B32E2409620900C2FCDD /* Release */ = {
			isa = XCBuildConfiguration;
			baseConfigurationReference = 52FB87C0A267AEB5F8AE26E5 /* Pods-MovieApp_Xcode102.release.xcconfig */;
			buildSettings = {
				ASSETCATALOG_COMPILER_APPICON_NAME = AppIcon;
				CODE_SIGN_STYLE = Manual;
				DEVELOPMENT_TEAM = 9GU36QFD53;
				INFOPLIST_FILE = MovieApp_Xcode102/Info.plist;
				LD_RUNPATH_SEARCH_PATHS = (
					"$(inherited)",
					"@executable_path/Frameworks",
				);
				PRODUCT_BUNDLE_IDENTIFIER = com.raweng.sandbox;
				PRODUCT_NAME = "$(TARGET_NAME)";
				PROVISIONING_PROFILE_SPECIFIER = Sandbox_APNS;
				SWIFT_VERSION = 5.0;
				TARGETED_DEVICE_FAMILY = "1,2";
			};
			name = Release;
		};
		80A3B3302409620900C2FCDD /* Debug */ = {
			isa = XCBuildConfiguration;
			baseConfigurationReference = C9AFEF83C3D8E850A8CC14B4 /* Pods-MovieApp_Xcode102Tests.debug.xcconfig */;
			buildSettings = {
				ALWAYS_EMBED_SWIFT_STANDARD_LIBRARIES = YES;
				BUNDLE_LOADER = "$(TEST_HOST)";
				CODE_SIGN_STYLE = Automatic;
				INFOPLIST_FILE = MovieApp_Xcode102Tests/Info.plist;
				LD_RUNPATH_SEARCH_PATHS = (
					"$(inherited)",
					"@executable_path/Frameworks",
					"@loader_path/Frameworks",
				);
				PRODUCT_BUNDLE_IDENTIFIER = "com.raweng.sandbox.MovieApp-Xcode102Tests";
				PRODUCT_NAME = "$(TARGET_NAME)";
				SWIFT_VERSION = 5.0;
				TARGETED_DEVICE_FAMILY = "1,2";
				TEST_HOST = "$(BUILT_PRODUCTS_DIR)/MovieApp_Xcode102.app/MovieApp_Xcode102";
			};
			name = Debug;
		};
		80A3B3312409620900C2FCDD /* Release */ = {
			isa = XCBuildConfiguration;
			baseConfigurationReference = 8A483C7B5A3E0F514AAD4264 /* Pods-MovieApp_Xcode102Tests.release.xcconfig */;
			buildSettings = {
				ALWAYS_EMBED_SWIFT_STANDARD_LIBRARIES = YES;
				BUNDLE_LOADER = "$(TEST_HOST)";
				CODE_SIGN_STYLE = Automatic;
				INFOPLIST_FILE = MovieApp_Xcode102Tests/Info.plist;
				LD_RUNPATH_SEARCH_PATHS = (
					"$(inherited)",
					"@executable_path/Frameworks",
					"@loader_path/Frameworks",
				);
				PRODUCT_BUNDLE_IDENTIFIER = "com.raweng.sandbox.MovieApp-Xcode102Tests";
				PRODUCT_NAME = "$(TARGET_NAME)";
				SWIFT_VERSION = 5.0;
				TARGETED_DEVICE_FAMILY = "1,2";
				TEST_HOST = "$(BUILT_PRODUCTS_DIR)/MovieApp_Xcode102.app/MovieApp_Xcode102";
			};
			name = Release;
		};
/* End XCBuildConfiguration section */

/* Begin XCConfigurationList section */
		80A3B30A2409620700C2FCDD /* Build configuration list for PBXProject "MovieApp_Xcode102" */ = {
			isa = XCConfigurationList;
			buildConfigurations = (
				80A3B32A2409620900C2FCDD /* Debug */,
				80A3B32B2409620900C2FCDD /* Release */,
			);
			defaultConfigurationIsVisible = 0;
			defaultConfigurationName = Release;
		};
		80A3B32C2409620900C2FCDD /* Build configuration list for PBXNativeTarget "MovieApp_Xcode102" */ = {
			isa = XCConfigurationList;
			buildConfigurations = (
				80A3B32D2409620900C2FCDD /* Debug */,
				80A3B32E2409620900C2FCDD /* Release */,
			);
			defaultConfigurationIsVisible = 0;
			defaultConfigurationName = Release;
		};
		80A3B32F2409620900C2FCDD /* Build configuration list for PBXNativeTarget "MovieApp_Xcode102Tests" */ = {
			isa = XCConfigurationList;
			buildConfigurations = (
				80A3B3302409620900C2FCDD /* Debug */,
				80A3B3312409620900C2FCDD /* Release */,
			);
			defaultConfigurationIsVisible = 0;
			defaultConfigurationName = Release;
		};
/* End XCConfigurationList section */
	};
	rootObject = 80A3B3072409620700C2FCDD /* Project object */;
}
